
Microsoft Visual Studio Solution File, Format Version 12.00
# Visual Studio Version 17
VisualStudioVersion = 17.6.33829.357
MinimumVisualStudioVersion = 10.0.40219.1
Project("{FAE04EC0-301F-11D3-BF4B-00C04F79EFBC}") = "Lab_1", "Lab_1.csproj", "{9126532A-BE64-433D-B2BB-E3B8CADE2A21}"
EndProject
Global
	GlobalSection(SolutionConfigurationPlatforms) = preSolution
		Debug|Any CPU = Debug|Any CPU
		Release|Any CPU = Release|Any CPU
	EndGlobalSection
	GlobalSection(ProjectConfigurationPlatforms) = postSolution
		{9126532A-BE64-433D-B2BB-E3B8CADE2A21}.Debug|Any CPU.ActiveCfg = Debug|Any CPU
		{9126532A-BE64-433D-B2BB-E3B8CADE2A21}.Debug|Any CPU.Build.0 = Debug|Any CPU
		{9126532A-BE64-433D-B2BB-E3B8CADE2A21}.Release|Any CPU.ActiveCfg = Release|Any CPU
		{9126532A-BE64-433D-B2BB-E3B8CADE2A21}.Release|Any CPU.Build.0 = Release|Any CPU
	EndGlobalSection
	GlobalSection(SolutionProperties) = preSolution
		HideSolutionNode = FALSE
	EndGlobalSection
	GlobalSection(ExtensibilityGlobals) = postSolution
		SolutionGuid = {22610648-7BB7-413E-9357-C34D18E773D2}
	EndGlobalSection
EndGlobal
